
Microsoft Visual Studio Solution File, Format Version 12.00
# Visual Studio Version 17
VisualStudioVersion = 17.11.35222.181
MinimumVisualStudioVersion = 10.0.40219.1
Project("{FAE04EC0-301F-11D3-BF4B-00C04F79EFBC}") = "t-project", "t-project\t-project.csproj", "{89B38FC3-E29E-4E5B-8CFD-B295FE0E3754}"
EndProject
Global
	GlobalSection(SolutionConfigurationPlatforms) = preSolution
		Debug|Any CPU = Debug|Any CPU
		Release|Any CPU = Release|Any CPU
	EndGlobalSection
	GlobalSection(ProjectConfigurationPlatforms) = postSolution
		{89B38FC3-E29E-4E5B-8CFD-B295FE0E3754}.Debug|Any CPU.ActiveCfg = Debug|Any CPU
		{89B38FC3-E29E-4E5B-8CFD-B295FE0E3754}.Debug|Any CPU.Build.0 = Debug|Any CPU
		{89B38FC3-E29E-4E5B-8CFD-B295FE0E3754}.Release|Any CPU.ActiveCfg = Release|Any CPU
		{89B38FC3-E29E-4E5B-8CFD-B295FE0E3754}.Release|Any CPU.Build.0 = Release|Any CPU
	EndGlobalSection
	GlobalSection(SolutionProperties) = preSolution
		HideSolutionNode = FALSE
	EndGlobalSection
	GlobalSection(ExtensibilityGlobals) = postSolution
		SolutionGuid = {D155821F-DE5E-47BB-A78C-BA042C6B4A24}
	EndGlobalSection
EndGlobal
